
Microsoft Visual Studio Solution File, Format Version 12.00
# Visual Studio Version 16
VisualStudioVersion = 16.0.31105.61
MinimumVisualStudioVersion = 10.0.40219.1
Project("{9A19103F-16F7-4668-BE54-9A1E7A4F7556}") = "EFDatabaseAccess", "EFDatabaseAccess\EFDatabaseAccess.csproj", "{D0A87721-BE2E-4260-9493-E7F0AED79271}"
EndProject
Project("{9A19103F-16F7-4668-BE54-9A1E7A4F7556}") = "RentCarWinFormsApp", "RentCarWinFormsApp\RentCarWinFormsApp.csproj", "{C9529E87-B6AA-4850-96D8-1D4CA64F31BB}"
EndProject
Global
	GlobalSection(SolutionConfigurationPlatforms) = preSolution
		Debug|Any CPU = Debug|Any CPU
		Release|Any CPU = Release|Any CPU
	EndGlobalSection
	GlobalSection(ProjectConfigurationPlatforms) = postSolution
		{D0A87721-BE2E-4260-9493-E7F0AED79271}.Debug|Any CPU.ActiveCfg = Debug|Any CPU
		{D0A87721-BE2E-4260-9493-E7F0AED79271}.Debug|Any CPU.Build.0 = Debug|Any CPU
		{D0A87721-BE2E-4260-9493-E7F0AED79271}.Release|Any CPU.ActiveCfg = Release|Any CPU
		{D0A87721-BE2E-4260-9493-E7F0AED79271}.Release|Any CPU.Build.0 = Release|Any CPU
		{C9529E87-B6AA-4850-96D8-1D4CA64F31BB}.Debug|Any CPU.ActiveCfg = Debug|Any CPU
		{C9529E87-B6AA-4850-96D8-1D4CA64F31BB}.Debug|Any CPU.Build.0 = Debug|Any CPU
		{C9529E87-B6AA-4850-96D8-1D4CA64F31BB}.Release|Any CPU.ActiveCfg = Release|Any CPU
		{C9529E87-B6AA-4850-96D8-1D4CA64F31BB}.Release|Any CPU.Build.0 = Release|Any CPU
	EndGlobalSection
	GlobalSection(SolutionProperties) = preSolution
		HideSolutionNode = FALSE
	EndGlobalSection
	GlobalSection(ExtensibilityGlobals) = postSolution
		SolutionGuid = {A6AB0FC5-5C1E-4A3E-AAC2-642877241313}
	EndGlobalSection
EndGlobal
